
Microsoft Visual Studio Solution File, Format Version 12.00
# Visual Studio Version 16
VisualStudioVersion = 16.0.31911.196
MinimumVisualStudioVersion = 10.0.40219.1
Project("{8BC9CEB8-8B4A-11D0-8D11-00A0C91BC942}") = "Sandbox", "Sandbox\Sandbox.vcxproj", "{A0C8271B-D9EF-4196-BFB7-5AC261EC71AD}"
EndProject
Project("{8BC9CEB8-8B4A-11D0-8D11-00A0C91BC942}") = "HazelCustom", "HazelCustom\HazelCustom.vcxproj", "{CAAE11EA-7218-4E82-9C83-9F8A6ADA91BC}"
EndProject
Global
	GlobalSection(SolutionConfigurationPlatforms) = preSolution
		Debug|x64 = Debug|x64
		Release|x64 = Release|x64
	EndGlobalSection
	GlobalSection(ProjectConfigurationPlatforms) = postSolution
		{CAAE11EA-7218-4E82-9C83-9F8A6ADA91BC}.Debug|x64.ActiveCfg = Debug|x64
		{CAAE11EA-7218-4E82-9C83-9F8A6ADA91BC}.Debug|x64.Build.0 = Debug|x64
		{CAAE11EA-7218-4E82-9C83-9F8A6ADA91BC}.Release|x64.ActiveCfg = Release|x64
		{CAAE11EA-7218-4E82-9C83-9F8A6ADA91BC}.Release|x64.Build.0 = Release|x64
		{A0C8271B-D9EF-4196-BFB7-5AC261EC71AD}.Debug|x64.ActiveCfg = Debug|x64
		{A0C8271B-D9EF-4196-BFB7-5AC261EC71AD}.Debug|x64.Build.0 = Debug|x64
		{A0C8271B-D9EF-4196-BFB7-5AC261EC71AD}.Release|x64.ActiveCfg = Release|x64
		{A0C8271B-D9EF-4196-BFB7-5AC261EC71AD}.Release|x64.Build.0 = Release|x64
	EndGlobalSection
	GlobalSection(SolutionProperties) = preSolution
		HideSolutionNode = FALSE
	EndGlobalSection
	GlobalSection(ExtensibilityGlobals) = postSolution
		SolutionGuid = {0D31CB4B-3E29-47D2-AA56-F7CA8BE86192}
	EndGlobalSection
EndGlobal
